# This file was autogenerated by Stack.
# You should not edit this file by hand.
# For more information, please see the documentation at:
#   https://docs.haskellstack.org/en/stable/lock_files

packages: []
snapshots:
- completed:
    size: 486704
    url: https://raw.githubusercontent.com/commercialhaskell/stackage-snapshots/master/lts/8/8.yaml
    sha256: 58781da6d4f4572c2f172456b44853dea3992481ecff1ced69fc9521c62cb64a
  original: lts-8.8
